{
  "nodes": {
    "flake-utils": {
      "locked": {
        "lastModified": 1629284811,
        "narHash": "sha256-JHgasjPR0/J1J3DRm4KxM4zTyAj4IOJY8vIl75v/kPI=",
        "owner": "numtide",
        "repo": "flake-utils",
        "rev": "c5d161cc0af116a2e17f54316f0bf43f0819785c",
        "type": "github"
      },
      "original": {
        "owner": "numtide",
        "repo": "flake-utils",
        "type": "github"
      }
    },
    "home-manager": {
      "inputs": {
        "nixpkgs": [
          "nixpkgs"
        ]
      },
      "locked": {
        "lastModified": 1629347633,
        "narHash": "sha256-FGZJ7lmTAMIkjdrh6dIPck5HuB4KMT2GgDV5ZjiCWoc=",
        "owner": "rycee",
        "repo": "home-manager",
        "rev": "bf6b85136b47ab1a76df4a90ea4850871147494a",
        "type": "github"
      },
      "original": {
        "owner": "rycee",
        "ref": "master",
        "repo": "home-manager",
        "type": "github"
      }
    },
    "my-nixpkgs": {
      "locked": {
        "lastModified": 1628139646,
        "narHash": "sha256-8YstfY/7yYO8PshdEkhqR3mfYKdrlgHtNWAIKn84PKs=",
        "owner": "tbidne",
        "repo": "nixpkgs",
        "rev": "381ea1b470f44150283605176616b97e8ff96796",
        "type": "github"
      },
      "original": {
        "owner": "tbidne",
        "ref": "vscode-exts",
        "repo": "nixpkgs",
        "type": "github"
      }
    },
    "nixpkgs": {
      "locked": {
        "lastModified": 1629292755,
        "narHash": "sha256-5xMo32NVLnloY9DveqwJO/Cab1+PbTMPqU4WMmawX5M=",
        "owner": "NixOS",
        "repo": "nixpkgs",
        "rev": "253aecf69ed7595aaefabde779aa6449195bebb7",
        "type": "github"
      },
      "original": {
        "id": "nixpkgs",
        "ref": "nixos-unstable",
        "type": "indirect"
      }
    },
    "nur": {
      "locked": {
        "lastModified": 1629407809,
        "narHash": "sha256-oUGLM0hhiuEOiauO9O1ofgRMmbeXMAp2F+rxVV15PRo=",
        "owner": "nix-community",
        "repo": "NUR",
        "rev": "aa3e1ddf68f1325cf90cb9e6375f32a60a214ffc",
        "type": "github"
      },
      "original": {
        "owner": "nix-community",
        "repo": "NUR",
        "type": "github"
      }
    },
    "ringbearer": {
      "inputs": {
        "flake-utils": [
          "flake-utils"
        ],
        "nixpkgs": [
          "nixpkgs"
        ]
      },
      "locked": {
        "lastModified": 1623293987,
        "narHash": "sha256-RWF85dMBOkAou4aRcfpcQJvgeH0H4SpYEvPwtdaNeiY=",
        "owner": "tbidne",
        "repo": "ringbearer",
        "rev": "642247ebcb84aa481511b0f9f0e334d51b3cd0bd",
        "type": "github"
      },
      "original": {
        "owner": "tbidne",
        "ref": "main",
        "repo": "ringbearer",
        "type": "github"
      }
    },
    "root": {
      "inputs": {
        "flake-utils": "flake-utils",
        "home-manager": "home-manager",
        "my-nixpkgs": "my-nixpkgs",
        "nixpkgs": "nixpkgs",
        "nur": "nur",
        "ringbearer": "ringbearer",
        "secrets-src": "secrets-src",
        "shell-run-src": "shell-run-src",
        "static-assets-src": "static-assets-src"
      }
    },
    "secrets-src": {
      "locked": {
        "lastModified": 1623664099,
        "narHash": "sha256-5HMD+0f3WTlUvV3FHFr90GiQWTS+ucFnGiVMlA7tYU0=",
        "ref": "main",
        "rev": "977b6da0d05f25cc6ff920db1f210e647bbb3bf5",
        "revCount": 2,
        "type": "git",
        "url": "ssh://git@github.com/tbidne/secrets"
      },
      "original": {
        "ref": "main",
        "type": "git",
        "url": "ssh://git@github.com/tbidne/secrets"
      }
    },
    "shell-run-src": {
      "inputs": {
        "flake-utils": [
          "flake-utils"
        ],
        "nixpkgs": [
          "nixpkgs"
        ]
      },
      "locked": {
        "lastModified": 1627558756,
        "narHash": "sha256-PMmL4FOmTyKK8G4LJWeAlBuCar45laReNLZDG7Ku2Ls=",
        "owner": "tbidne",
        "repo": "shell-run",
        "rev": "75d720f198ba87017285dbaf3a29e9b419960174",
        "type": "github"
      },
      "original": {
        "owner": "tbidne",
        "ref": "main",
        "repo": "shell-run",
        "type": "github"
      }
    },
    "static-assets-src": {
      "inputs": {
        "flake-utils": [
          "flake-utils"
        ],
        "nixpkgs": [
          "nixpkgs"
        ]
      },
      "locked": {
        "lastModified": 1625087823,
        "narHash": "sha256-kHcgI2FYroq/5CsH2w0rNEpI9Qr3Zo8lPo2QYqhiyhI=",
        "owner": "tbidne",
        "repo": "static",
        "rev": "59fe9f9aba2ac6c583d631d5bf1804c5eeaabc11",
        "type": "github"
      },
      "original": {
        "owner": "tbidne",
        "ref": "main",
        "repo": "static",
        "type": "github"
      }
    }
  },
  "root": "root",
  "version": 7
}
