{
  "nodes": {
    "home-manager": {
      "inputs": {
        "nixpkgs": [
          "nixpkgs"
        ]
      },
      "locked": {
        "lastModified": 1612902587,
        "narHash": "sha256-VZ7Z1OMFf5ReObu3CCVBsC2DWloTYDjqW1onUKejVrE=",
        "owner": "rycee",
        "repo": "home-manager",
        "rev": "209566c752c4428c7692c134731971193f06b37c",
        "type": "github"
      },
      "original": {
        "owner": "rycee",
        "ref": "release-20.09",
        "repo": "home-manager",
        "type": "github"
      }
    },
    "interos": {
      "flake": false,
      "locked": {
        "narHash": "sha256-HMAuuXh2CSxkogBYMQv3et580e0FO0mTsw9dtk8Rgs0=",
        "path": "/etc/nixos/app/nixos/interos.nix",
        "type": "path"
      },
      "original": {
        "path": "/etc/nixos/app/nixos/interos.nix",
        "type": "path"
      }
    },
    "my-nixpkgs": {
      "locked": {
        "lastModified": 1617247129,
        "narHash": "sha256-8lCuFxdVWMY9u18OsuXhQcK7cEgRpJIj+DZY4KJ74dA=",
        "owner": "tbidne",
        "repo": "nixpkgs",
        "rev": "a2baf9be6a91571225b54dae94a596042bd90dd9",
        "type": "github"
      },
      "original": {
        "owner": "tbidne",
        "ref": "vscode-idris",
        "repo": "nixpkgs",
        "type": "github"
      }
    },
    "nixpkgs": {
      "locked": {
        "lastModified": 1616779317,
        "narHash": "sha256-+mUTkYguFMNGb57JkwauDgjcq65RnOLUhDo4mhb8qAI=",
        "owner": "NixOS",
        "repo": "nixpkgs",
        "rev": "ad47284f8b01f587e24a4f14e0f93126d8ebecda",
        "type": "github"
      },
      "original": {
        "id": "nixpkgs",
        "ref": "nixos-unstable",
        "type": "indirect"
      }
    },
    "nixpkgs-unstable": {
      "locked": {
        "lastModified": 1617002754,
        "narHash": "sha256-F5jsmAKyuPRCQQN/dNky9ApU6NwQbUqZpnM3wfq2t/w=",
        "owner": "NixOS",
        "repo": "nixpkgs",
        "rev": "c4fbc272a75aa8bc6f7bde911befe0042d5196a4",
        "type": "github"
      },
      "original": {
        "id": "nixpkgs",
        "ref": "master",
        "type": "indirect"
      }
    },
    "root": {
      "inputs": {
        "home-manager": "home-manager",
        "interos": "interos",
        "my-nixpkgs": "my-nixpkgs",
        "nixpkgs": "nixpkgs",
        "nixpkgs-unstable": "nixpkgs-unstable"
      }
    }
  },
  "root": "root",
  "version": 7
}
